
Microsoft Visual Studio Solution File, Format Version 12.00
# Visual Studio Version 17
VisualStudioVersion = 17.5.33502.453
MinimumVisualStudioVersion = 10.0.40219.1
Project("{8BC9CEB8-8B4A-11D0-8D11-00A0C91BC942}") = "8.3联通分量个数", "8.3联通分量个数\8.3联通分量个数.vcxproj", "{55024F77-3382-4CFD-8395-8CC43E001007}"
EndProject
Global
	GlobalSection(SolutionConfigurationPlatforms) = preSolution
		Debug|x64 = Debug|x64
		Debug|x86 = Debug|x86
		Release|x64 = Release|x64
		Release|x86 = Release|x86
	EndGlobalSection
	GlobalSection(ProjectConfigurationPlatforms) = postSolution
		{55024F77-3382-4CFD-8395-8CC43E001007}.Debug|x64.ActiveCfg = Debug|x64
		{55024F77-3382-4CFD-8395-8CC43E001007}.Debug|x64.Build.0 = Debug|x64
		{55024F77-3382-4CFD-8395-8CC43E001007}.Debug|x86.ActiveCfg = Debug|Win32
		{55024F77-3382-4CFD-8395-8CC43E001007}.Debug|x86.Build.0 = Debug|Win32
		{55024F77-3382-4CFD-8395-8CC43E001007}.Release|x64.ActiveCfg = Release|x64
		{55024F77-3382-4CFD-8395-8CC43E001007}.Release|x64.Build.0 = Release|x64
		{55024F77-3382-4CFD-8395-8CC43E001007}.Release|x86.ActiveCfg = Release|Win32
		{55024F77-3382-4CFD-8395-8CC43E001007}.Release|x86.Build.0 = Release|Win32
	EndGlobalSection
	GlobalSection(SolutionProperties) = preSolution
		HideSolutionNode = FALSE
	EndGlobalSection
	GlobalSection(ExtensibilityGlobals) = postSolution
		SolutionGuid = {0B19E202-1FC0-465F-A963-1A906D4BCB0A}
	EndGlobalSection
EndGlobal
